
Microsoft Visual Studio Solution File, Format Version 12.00
# Visual Studio Version 16
VisualStudioVersion = 16.0.30114.105
MinimumVisualStudioVersion = 10.0.40219.1
Project("{FAE04EC0-301F-11D3-BF4B-00C04F79EFBC}") = "API", "API\API.csproj", "{398812C5-0616-482F-B995-072697121E7D}"
EndProject
Project("{FAE04EC0-301F-11D3-BF4B-00C04F79EFBC}") = "Core", "Core\Core.csproj", "{37F4F7FB-7BCD-4F30-900D-61C526D3723E}"
EndProject
Project("{FAE04EC0-301F-11D3-BF4B-00C04F79EFBC}") = "Infrastructure", "Infrastructure\Infrastructure.csproj", "{7CFC804B-B1E7-487C-8839-B01EC5277F63}"
EndProject
Global
	GlobalSection(SolutionConfigurationPlatforms) = preSolution
		Debug|Any CPU = Debug|Any CPU
		Release|Any CPU = Release|Any CPU
	EndGlobalSection
	GlobalSection(SolutionProperties) = preSolution
		HideSolutionNode = FALSE
	EndGlobalSection
	GlobalSection(ProjectConfigurationPlatforms) = postSolution
		{398812C5-0616-482F-B995-072697121E7D}.Debug|Any CPU.ActiveCfg = Debug|Any CPU
		{398812C5-0616-482F-B995-072697121E7D}.Debug|Any CPU.Build.0 = Debug|Any CPU
		{398812C5-0616-482F-B995-072697121E7D}.Release|Any CPU.ActiveCfg = Release|Any CPU
		{398812C5-0616-482F-B995-072697121E7D}.Release|Any CPU.Build.0 = Release|Any CPU
		{37F4F7FB-7BCD-4F30-900D-61C526D3723E}.Debug|Any CPU.ActiveCfg = Debug|Any CPU
		{37F4F7FB-7BCD-4F30-900D-61C526D3723E}.Debug|Any CPU.Build.0 = Debug|Any CPU
		{37F4F7FB-7BCD-4F30-900D-61C526D3723E}.Release|Any CPU.ActiveCfg = Release|Any CPU
		{37F4F7FB-7BCD-4F30-900D-61C526D3723E}.Release|Any CPU.Build.0 = Release|Any CPU
		{7CFC804B-B1E7-487C-8839-B01EC5277F63}.Debug|Any CPU.ActiveCfg = Debug|Any CPU
		{7CFC804B-B1E7-487C-8839-B01EC5277F63}.Debug|Any CPU.Build.0 = Debug|Any CPU
		{7CFC804B-B1E7-487C-8839-B01EC5277F63}.Release|Any CPU.ActiveCfg = Release|Any CPU
		{7CFC804B-B1E7-487C-8839-B01EC5277F63}.Release|Any CPU.Build.0 = Release|Any CPU
	EndGlobalSection
EndGlobal
